
Microsoft Visual Studio Solution File, Format Version 12.00
# Visual Studio Version 17
VisualStudioVersion = 17.3.32929.385
MinimumVisualStudioVersion = 10.0.40219.1
Project("{FAE04EC0-301F-11D3-BF4B-00C04F79EFBC}") = "MGPJC", "MGPJC\MGPJC.csproj", "{5985B509-3F82-4880-8068-29E8FFCFF6FD}"
EndProject
Global
	GlobalSection(SolutionConfigurationPlatforms) = preSolution
		Debug|Any CPU = Debug|Any CPU
		Release|Any CPU = Release|Any CPU
	EndGlobalSection
	GlobalSection(ProjectConfigurationPlatforms) = postSolution
		{5985B509-3F82-4880-8068-29E8FFCFF6FD}.Debug|Any CPU.ActiveCfg = Debug|Any CPU
		{5985B509-3F82-4880-8068-29E8FFCFF6FD}.Debug|Any CPU.Build.0 = Debug|Any CPU
		{5985B509-3F82-4880-8068-29E8FFCFF6FD}.Release|Any CPU.ActiveCfg = Release|Any CPU
		{5985B509-3F82-4880-8068-29E8FFCFF6FD}.Release|Any CPU.Build.0 = Release|Any CPU
	EndGlobalSection
	GlobalSection(SolutionProperties) = preSolution
		HideSolutionNode = FALSE
	EndGlobalSection
	GlobalSection(ExtensibilityGlobals) = postSolution
		SolutionGuid = {D8E58FD8-E7F5-4A39-9BA9-DAA62446BDE6}
	EndGlobalSection
EndGlobal
